
Microsoft Visual Studio Solution File, Format Version 12.00
# Visual Studio Version 16
VisualStudioVersion = 16.0.29123.88
MinimumVisualStudioVersion = 10.0.40219.1
Project("{FAE04EC0-301F-11D3-BF4B-00C04F79EFBC}") = "UDPMSN", "UDPMSN\UDPMSN.csproj", "{3C944A7E-FD31-4A1A-857D-EE6ECFF51F4B}"
EndProject
Project("{FAE04EC0-301F-11D3-BF4B-00C04F79EFBC}") = "UDP_BullsNCows", "UDP_BullsNCows\UDP_BullsNCows.csproj", "{EDEEDA9E-EC9B-4E0A-B7C9-CCD3A96094FF}"
EndProject
Project("{FAE04EC0-301F-11D3-BF4B-00C04F79EFBC}") = "UDP_Drawing", "UDP_Drawing\UDP_Drawing.csproj", "{046DD504-9CD7-498E-B01A-25ACE95A8956}"
EndProject
Project("{FAE04EC0-301F-11D3-BF4B-00C04F79EFBC}") = "UDP_XO", "UDP_XO\UDP_XO.csproj", "{6057E921-24BD-4181-A7FD-B7D0A572D7F4}"
EndProject
Global
	GlobalSection(SolutionConfigurationPlatforms) = preSolution
		Debug|Any CPU = Debug|Any CPU
		Release|Any CPU = Release|Any CPU
	EndGlobalSection
	GlobalSection(ProjectConfigurationPlatforms) = postSolution
		{3C944A7E-FD31-4A1A-857D-EE6ECFF51F4B}.Debug|Any CPU.ActiveCfg = Debug|Any CPU
		{3C944A7E-FD31-4A1A-857D-EE6ECFF51F4B}.Debug|Any CPU.Build.0 = Debug|Any CPU
		{3C944A7E-FD31-4A1A-857D-EE6ECFF51F4B}.Release|Any CPU.ActiveCfg = Release|Any CPU
		{3C944A7E-FD31-4A1A-857D-EE6ECFF51F4B}.Release|Any CPU.Build.0 = Release|Any CPU
		{EDEEDA9E-EC9B-4E0A-B7C9-CCD3A96094FF}.Debug|Any CPU.ActiveCfg = Debug|Any CPU
		{EDEEDA9E-EC9B-4E0A-B7C9-CCD3A96094FF}.Debug|Any CPU.Build.0 = Debug|Any CPU
		{EDEEDA9E-EC9B-4E0A-B7C9-CCD3A96094FF}.Release|Any CPU.ActiveCfg = Release|Any CPU
		{EDEEDA9E-EC9B-4E0A-B7C9-CCD3A96094FF}.Release|Any CPU.Build.0 = Release|Any CPU
		{046DD504-9CD7-498E-B01A-25ACE95A8956}.Debug|Any CPU.ActiveCfg = Debug|Any CPU
		{046DD504-9CD7-498E-B01A-25ACE95A8956}.Debug|Any CPU.Build.0 = Debug|Any CPU
		{046DD504-9CD7-498E-B01A-25ACE95A8956}.Release|Any CPU.ActiveCfg = Release|Any CPU
		{046DD504-9CD7-498E-B01A-25ACE95A8956}.Release|Any CPU.Build.0 = Release|Any CPU
		{6057E921-24BD-4181-A7FD-B7D0A572D7F4}.Debug|Any CPU.ActiveCfg = Debug|Any CPU
		{6057E921-24BD-4181-A7FD-B7D0A572D7F4}.Debug|Any CPU.Build.0 = Debug|Any CPU
		{6057E921-24BD-4181-A7FD-B7D0A572D7F4}.Release|Any CPU.ActiveCfg = Release|Any CPU
		{6057E921-24BD-4181-A7FD-B7D0A572D7F4}.Release|Any CPU.Build.0 = Release|Any CPU
	EndGlobalSection
	GlobalSection(SolutionProperties) = preSolution
		HideSolutionNode = FALSE
	EndGlobalSection
	GlobalSection(ExtensibilityGlobals) = postSolution
		SolutionGuid = {26C24F18-BBAE-413B-9D81-B09863B49993}
	EndGlobalSection
EndGlobal
